# Generated by pub
# See https://dart.dev/tools/pub/glossary#lockfile
packages:
  alghwalbi_prompter_cli:
    dependency: "direct main"
    description:
      name: alghwalbi_prompter_cli
      sha256: "17b7d0c77f72f243d406fabd3ba3d73f33a1b26a14f69ca103199802aded6ec8"
      url: "https://pub.dev"
    source: hosted
    version: "1.0.1"
sdks:
  dart: ">=3.1.5 <4.0.0"
